{"SurveyEntry":{"SurveyID":"SV_2XU85C4UszfjnUn","SurveyName":"Rqsf: First Questionnaire","SurveyDescription":null,"SurveyOwnerID":"UR_aFzvErCG9g2JZXD","SurveyBrandID":"Rqsf","DivisionID":"DV_IGolGtpQWgMizx3","SurveyLanguage":"EN","SurveyActiveResponseSet":"RS_M0LmwVkK16F1Tf6","SurveyStatus":"Inactive","SurveyStartDate":"0000-00-00 00:00:00","SurveyExpirationDate":"0000-00-00 00:00:00","SurveyCreationDate":"2019-01-01 00:00:00","CreatorID":"UR_aFzvErCG9g2JZXD","LastModified":"2019-01-01 00:00:00","LastAccessed":"0000-00-00 00:00:00","LastActivated":"0000-00-00 00:00:00","Deleted":null},"SurveyElements":[{"SurveyID":"SV_2XU85C4UszfjnUn","Element":"FL","PrimaryAttribute":"Survey Flow","SecondaryAttribute":null,"TertiaryAttribute":null,"Payload":{"Flow":[{"ID":"BL_npw6udfrvIt9oNT","Type":"Block","FlowID":"FL_2"}],"Properties":{"Count":2},"FlowID":"FL_1","Type":"Root"}},{"SurveyID":"SV_2XU85C4UszfjnUn","Element":"SO","PrimaryAttribute":"Survey Options","SecondaryAttribute":null,"TertiaryAttribute":null,"Payload":{"BackButton":"false","SaveAndContinue":"true","SurveyProtection":"PublicSurvey","BallotBoxStuffingPrevention":"false","NoIndex":"Yes","SecureResponseFiles":"true","SurveyExpiration":"None","SurveyTermination":"DefaultMessage","Header":"","Footer":"","ProgressBarDisplay":"None","PartialData":"+1 week","ValidationMessage":"","PreviousButton":" ← ","NextButton":" → ","SkinLibrary":"Rqsf","SkinType":"templated","Skin":{"brandingId":null,"templateId":"*base","overrides":null},"NewScoring":1,"CustomStyles":[]}},{"SurveyID":"SV_2XU85C4UszfjnUn","Element":"SCO","PrimaryAttribute":"Scoring","SecondaryAttribute":null,"TertiaryAttribute":null,"Payload":{"ScoringCategories":[],"ScoringCategoryGroups":[],"ScoringSummaryCategory":null,"ScoringSummaryAfterQuestions":0,"ScoringSummaryAfterSurvey":0,"DefaultScoringCategory":null,"AutoScoringCategory":null}},{"SurveyID":"SV_2XU85C4UszfjnUn","Element":"PROJ","PrimaryAttribute":"CORE","SecondaryAttribute":null,"TertiaryAttribute":"1.1.0","Payload":{"ProjectCategory":"CORE","SchemaVersion":"1.1.0"}},{"SurveyID":"SV_2XU85C4UszfjnUn","Element":"STAT","PrimaryAttribute":"Survey Statistics","SecondaryAttribute":null,"TertiaryAttribute":null,"Payload":{"MobileCompatible":true,"ID":"Survey Statistics"}},{"SurveyID":"SV_2XU85C4UszfjnUn","Element":"QC","PrimaryAttribute":"Survey Question Count","SecondaryAttribute":"1","TertiaryAttribute":null,"Payload":null},{"SurveyID":"SV_2XU85C4UszfjnUn","Element":"RS","PrimaryAttribute":"RS_cVlqrNONUOEcQzH","SecondaryAttribute":"Default Response Set","TertiaryAttribute":null,"Payload":null},{"SurveyID":"SV_2XU85C4UszfjnUn","Element":"BL","PrimaryAttribute":"Survey Blocks","SecondaryAttribute":null,"TertiaryAttribute":null,"Payload":[{"Type":"Default","Description":"First Block","ID":"BL_npw6udfrvIt9oNT","BlockElements":[]},{"Type":"Trash","Description":"Trash / Unused Questions","ID":"BL_6OvF163OlhpYYY2","BlockElements":[]}]}]}